
Microsoft Visual Studio Solution File, Format Version 12.00
# Visual Studio Version 17
VisualStudioVersion = 17.8.34511.84
MinimumVisualStudioVersion = 10.0.40219.1
Project("{9A19103F-16F7-4668-BE54-9A1E7A4F7556}") = "StrideSync.Web", "StrideSync\StrideSync.Web.csproj", "{48303958-0558-4D41-A542-C0F3CB404B56}"
EndProject
Project("{FAE04EC0-301F-11D3-BF4B-00C04F79EFBC}") = "StrideSync.Data", "StrydeSync.Data\StrideSync.Data.csproj", "{964DF667-DFE6-455C-B3EE-850A5CF8B5D2}"
EndProject
Project("{FAE04EC0-301F-11D3-BF4B-00C04F79EFBC}") = "StrideSync.Service", "StrideSync.Service\StrideSync.Service.csproj", "{966C2ABE-A792-4AAF-9B8F-AA1F3B2B120A}"
EndProject
Global
	GlobalSection(SolutionConfigurationPlatforms) = preSolution
		Debug|Any CPU = Debug|Any CPU
		Release|Any CPU = Release|Any CPU
	EndGlobalSection
	GlobalSection(ProjectConfigurationPlatforms) = postSolution
		{48303958-0558-4D41-A542-C0F3CB404B56}.Debug|Any CPU.ActiveCfg = Debug|Any CPU
		{48303958-0558-4D41-A542-C0F3CB404B56}.Debug|Any CPU.Build.0 = Debug|Any CPU
		{48303958-0558-4D41-A542-C0F3CB404B56}.Release|Any CPU.ActiveCfg = Release|Any CPU
		{48303958-0558-4D41-A542-C0F3CB404B56}.Release|Any CPU.Build.0 = Release|Any CPU
		{964DF667-DFE6-455C-B3EE-850A5CF8B5D2}.Debug|Any CPU.ActiveCfg = Debug|Any CPU
		{964DF667-DFE6-455C-B3EE-850A5CF8B5D2}.Debug|Any CPU.Build.0 = Debug|Any CPU
		{964DF667-DFE6-455C-B3EE-850A5CF8B5D2}.Release|Any CPU.ActiveCfg = Release|Any CPU
		{964DF667-DFE6-455C-B3EE-850A5CF8B5D2}.Release|Any CPU.Build.0 = Release|Any CPU
		{966C2ABE-A792-4AAF-9B8F-AA1F3B2B120A}.Debug|Any CPU.ActiveCfg = Debug|Any CPU
		{966C2ABE-A792-4AAF-9B8F-AA1F3B2B120A}.Debug|Any CPU.Build.0 = Debug|Any CPU
		{966C2ABE-A792-4AAF-9B8F-AA1F3B2B120A}.Release|Any CPU.ActiveCfg = Release|Any CPU
		{966C2ABE-A792-4AAF-9B8F-AA1F3B2B120A}.Release|Any CPU.Build.0 = Release|Any CPU
	EndGlobalSection
	GlobalSection(SolutionProperties) = preSolution
		HideSolutionNode = FALSE
	EndGlobalSection
	GlobalSection(ExtensibilityGlobals) = postSolution
		SolutionGuid = {E3F23E52-D689-41DB-A433-532CC25BFD6B}
	EndGlobalSection
EndGlobal
