
Microsoft Visual Studio Solution File, Format Version 12.00
# Visual Studio Version 17
VisualStudioVersion = 17.8.34511.84
MinimumVisualStudioVersion = 10.0.40219.1
Project("{FAE04EC0-301F-11D3-BF4B-00C04F79EFBC}") = "StrideSync", "StrideSync\StrideSync.csproj", "{48303958-0558-4D41-A542-C0F3CB404B56}"
EndProject
Global
	GlobalSection(SolutionConfigurationPlatforms) = preSolution
		Debug|Any CPU = Debug|Any CPU
		Release|Any CPU = Release|Any CPU
	EndGlobalSection
	GlobalSection(ProjectConfigurationPlatforms) = postSolution
		{48303958-0558-4D41-A542-C0F3CB404B56}.Debug|Any CPU.ActiveCfg = Debug|Any CPU
		{48303958-0558-4D41-A542-C0F3CB404B56}.Debug|Any CPU.Build.0 = Debug|Any CPU
		{48303958-0558-4D41-A542-C0F3CB404B56}.Release|Any CPU.ActiveCfg = Release|Any CPU
		{48303958-0558-4D41-A542-C0F3CB404B56}.Release|Any CPU.Build.0 = Release|Any CPU
	EndGlobalSection
	GlobalSection(SolutionProperties) = preSolution
		HideSolutionNode = FALSE
	EndGlobalSection
	GlobalSection(ExtensibilityGlobals) = postSolution
		SolutionGuid = {E3F23E52-D689-41DB-A433-532CC25BFD6B}
	EndGlobalSection
EndGlobal
